// !$*UTF8*$!
{
	archiveVersion = 1;
	classes = {
	};
	objectVersion = 55;
	objects = {

/* Begin PBXBuildFile section */
		F3F3943F279F7A3C00ACFDAE /* AppDelegate.swift in Sources */ = {isa = PBXBuildFile; fileRef = F3F3943E279F7A3C00ACFDAE /* AppDelegate.swift */; };
		F3F39441279F7A3C00ACFDAE /* SceneDelegate.swift in Sources */ = {isa = PBXBuildFile; fileRef = F3F39440279F7A3C00ACFDAE /* SceneDelegate.swift */; };
		F3F39443279F7A3C00ACFDAE /* ViewController.swift in Sources */ = {isa = PBXBuildFile; fileRef = F3F39442279F7A3C00ACFDAE /* ViewController.swift */; };
		F3F39446279F7A3C00ACFDAE /* Main.storyboard in Resources */ = {isa = PBXBuildFile; fileRef = F3F39444279F7A3C00ACFDAE /* Main.storyboard */; };
		F3F39448279F7A3D00ACFDAE /* Assets.xcassets in Resources */ = {isa = PBXBuildFile; fileRef = F3F39447279F7A3D00ACFDAE /* Assets.xcassets */; };
		F3F3944B279F7A3D00ACFDAE /* LaunchScreen.storyboard in Resources */ = {isa = PBXBuildFile; fileRef = F3F39449279F7A3D00ACFDAE /* LaunchScreen.storyboard */; };
		F3F39456279F7A3E00ACFDAE /* I_am_RIchTests.swift in Sources */ = {isa = PBXBuildFile; fileRef = F3F39455279F7A3E00ACFDAE /* I_am_RIchTests.swift */; };
		F3F39460279F7A3E00ACFDAE /* I_am_RIchUITests.swift in Sources */ = {isa = PBXBuildFile; fileRef = F3F3945F279F7A3E00ACFDAE /* I_am_RIchUITests.swift */; };
		F3F39462279F7A3E00ACFDAE /* I_am_RIchUITestsLaunchTests.swift in Sources */ = {isa = PBXBuildFile; fileRef = F3F39461279F7A3E00ACFDAE /* I_am_RIchUITestsLaunchTests.swift */; };
/* End PBXBuildFile section */

/* Begin PBXContainerItemProxy section */
		F3F39452279F7A3E00ACFDAE /* PBXContainerItemProxy */ = {
			isa = PBXContainerItemProxy;
			containerPortal = F3F39433279F7A3C00ACFDAE /* Project object */;
			proxyType = 1;
			remoteGlobalIDString = F3F3943A279F7A3C00ACFDAE;
			remoteInfo = "I am RIch";
		};
		F3F3945C279F7A3E00ACFDAE /* PBXContainerItemProxy */ = {
			isa = PBXContainerItemProxy;
			containerPortal = F3F39433279F7A3C00ACFDAE /* Project object */;
			proxyType = 1;
			remoteGlobalIDString = F3F3943A279F7A3C00ACFDAE;
			remoteInfo = "I am RIch";
		};
/* End PBXContainerItemProxy section */

/* Begin PBXFileReference section */
		F3F3943B279F7A3C00ACFDAE /* I am RIch.app */ = {isa = PBXFileReference; explicitFileType = wrapper.application; includeInIndex = 0; path = "I am RIch.app"; sourceTree = BUILT_PRODUCTS_DIR; };
		F3F3943E279F7A3C00ACFDAE /* AppDelegate.swift */ = {isa = PBXFileReference; lastKnownFileType = sourcecode.swift; path = AppDelegate.swift; sourceTree = "<group>"; };
		F3F39440279F7A3C00ACFDAE /* SceneDelegate.swift */ = {isa = PBXFileReference; lastKnownFileType = sourcecode.swift; path = SceneDelegate.swift; sourceTree = "<group>"; };
		F3F39442279F7A3C00ACFDAE /* ViewController.swift */ = {isa = PBXFileReference; lastKnownFileType = sourcecode.swift; path = ViewController.swift; sourceTree = "<group>"; };
		F3F39445279F7A3C00ACFDAE /* Base */ = {isa = PBXFileReference; lastKnownFileType = file.storyboard; name = Base; path = Base.lproj/Main.storyboard; sourceTree = "<group>"; };
		F3F39447279F7A3D00ACFDAE /* Assets.xcassets */ = {isa = PBXFileReference; lastKnownFileType = folder.assetcatalog; path = Assets.xcassets; sourceTree = "<group>"; };
		F3F3944A279F7A3D00ACFDAE /* Base */ = {isa = PBXFileReference; lastKnownFileType = file.storyboard; name = Base; path = Base.lproj/LaunchScreen.storyboard; sourceTree = "<group>"; };
		F3F3944C279F7A3D00ACFDAE /* Info.plist */ = {isa = PBXFileReference; lastKnownFileType = text.plist.xml; path = Info.plist; sourceTree = "<group>"; };
		F3F39451279F7A3E00ACFDAE /* I am RIchTests.xctest */ = {isa = PBXFileReference; explicitFileType = wrapper.cfbundle; includeInIndex = 0; path = "I am RIchTests.xctest"; sourceTree = BUILT_PRODUCTS_DIR; };
		F3F39455279F7A3E00ACFDAE /* I_am_RIchTests.swift */ = {isa = PBXFileReference; lastKnownFileType = sourcecode.swift; path = I_am_RIchTests.swift; sourceTree = "<group>"; };
		F3F3945B279F7A3E00ACFDAE /* I am RIchUITests.xctest */ = {isa = PBXFileReference; explicitFileType = wrapper.cfbundle; includeInIndex = 0; path = "I am RIchUITests.xctest"; sourceTree = BUILT_PRODUCTS_DIR; };
		F3F3945F279F7A3E00ACFDAE /* I_am_RIchUITests.swift */ = {isa = PBXFileReference; lastKnownFileType = sourcecode.swift; path = I_am_RIchUITests.swift; sourceTree = "<group>"; };
		F3F39461279F7A3E00ACFDAE /* I_am_RIchUITestsLaunchTests.swift */ = {isa = PBXFileReference; lastKnownFileType = sourcecode.swift; path = I_am_RIchUITestsLaunchTests.swift; sourceTree = "<group>"; };
/* End PBXFileReference section */

/* Begin PBXFrameworksBuildPhase section */
		F3F39438279F7A3C00ACFDAE /* Frameworks */ = {
			isa = PBXFrameworksBuildPhase;
			buildActionMask = 2147483647;
			files = (
			);
			runOnlyForDeploymentPostprocessing = 0;
		};
		F3F3944E279F7A3E00ACFDAE /* Frameworks */ = {
			isa = PBXFrameworksBuildPhase;
			buildActionMask = 2147483647;
			files = (
			);
			runOnlyForDeploymentPostprocessing = 0;
		};
		F3F39458279F7A3E00ACFDAE /* Frameworks */ = {
			isa = PBXFrameworksBuildPhase;
			buildActionMask = 2147483647;
			files = (
			);
			runOnlyForDeploymentPostprocessing = 0;
		};
/* End PBXFrameworksBuildPhase section */

/* Begin PBXGroup section */
		F3F39432279F7A3C00ACFDAE = {
			isa = PBXGroup;
			children = (
				F3F3943D279F7A3C00ACFDAE /* I am RIch */,
				F3F39454279F7A3E00ACFDAE /* I am RIchTests */,
				F3F3945E279F7A3E00ACFDAE /* I am RIchUITests */,
				F3F3943C279F7A3C00ACFDAE /* Products */,
			);
			sourceTree = "<group>";
		};
		F3F3943C279F7A3C00ACFDAE /* Products */ = {
			isa = PBXGroup;
			children = (
				F3F3943B279F7A3C00ACFDAE /* I am RIch.app */,
				F3F39451279F7A3E00ACFDAE /* I am RIchTests.xctest */,
				F3F3945B279F7A3E00ACFDAE /* I am RIchUITests.xctest */,
			);
			name = Products;
			sourceTree = "<group>";
		};
		F3F3943D279F7A3C00ACFDAE /* I am RIch */ = {
			isa = PBXGroup;
			children = (
				F3F3943E279F7A3C00ACFDAE /* AppDelegate.swift */,
				F3F39440279F7A3C00ACFDAE /* SceneDelegate.swift */,
				F3F39442279F7A3C00ACFDAE /* ViewController.swift */,
				F3F39444279F7A3C00ACFDAE /* Main.storyboard */,
				F3F39447279F7A3D00ACFDAE /* Assets.xcassets */,
				F3F39449279F7A3D00ACFDAE /* LaunchScreen.storyboard */,
				F3F3944C279F7A3D00ACFDAE /* Info.plist */,
			);
			path = "I am RIch";
			sourceTree = "<group>";
		};
		F3F39454279F7A3E00ACFDAE /* I am RIchTests */ = {
			isa = PBXGroup;
			children = (
				F3F39455279F7A3E00ACFDAE /* I_am_RIchTests.swift */,
			);
			path = "I am RIchTests";
			sourceTree = "<group>";
		};
		F3F3945E279F7A3E00ACFDAE /* I am RIchUITests */ = {
			isa = PBXGroup;
			children = (
				F3F3945F279F7A3E00ACFDAE /* I_am_RIchUITests.swift */,
				F3F39461279F7A3E00ACFDAE /* I_am_RIchUITestsLaunchTests.swift */,
			);
			path = "I am RIchUITests";
			sourceTree = "<group>";
		};
/* End PBXGroup section */

/* Begin PBXNativeTarget section */
		F3F3943A279F7A3C00ACFDAE /* I am RIch */ = {
			isa = PBXNativeTarget;
			buildConfigurationList = F3F39465279F7A3E00ACFDAE /* Build configuration list for PBXNativeTarget "I am RIch" */;
			buildPhases = (
				F3F39437279F7A3C00ACFDAE /* Sources */,
				F3F39438279F7A3C00ACFDAE /* Frameworks */,
				F3F39439279F7A3C00ACFDAE /* Resources */,
			);
			buildRules = (
			);
			dependencies = (
			);
			name = "I am RIch";
			productName = "I am RIch";
			productReference = F3F3943B279F7A3C00ACFDAE /* I am RIch.app */;
			productType = "com.apple.product-type.application";
		};
		F3F39450279F7A3E00ACFDAE /* I am RIchTests */ = {
			isa = PBXNativeTarget;
			buildConfigurationList = F3F39468279F7A3E00ACFDAE /* Build configuration list for PBXNativeTarget "I am RIchTests" */;
			buildPhases = (
				F3F3944D279F7A3E00ACFDAE /* Sources */,
				F3F3944E279F7A3E00ACFDAE /* Frameworks */,
				F3F3944F279F7A3E00ACFDAE /* Resources */,
			);
			buildRules = (
			);
			dependencies = (
				F3F39453279F7A3E00ACFDAE /* PBXTargetDependency */,
			);
			name = "I am RIchTests";
			productName = "I am RIchTests";
			productReference = F3F39451279F7A3E00ACFDAE /* I am RIchTests.xctest */;
			productType = "com.apple.product-type.bundle.unit-test";
		};
		F3F3945A279F7A3E00ACFDAE /* I am RIchUITests */ = {
			isa = PBXNativeTarget;
			buildConfigurationList = F3F3946B279F7A3E00ACFDAE /* Build configuration list for PBXNativeTarget "I am RIchUITests" */;
			buildPhases = (
				F3F39457279F7A3E00ACFDAE /* Sources */,
				F3F39458279F7A3E00ACFDAE /* Frameworks */,
				F3F39459279F7A3E00ACFDAE /* Resources */,
			);
			buildRules = (
			);
			dependencies = (
				F3F3945D279F7A3E00ACFDAE /* PBXTargetDependency */,
			);
			name = "I am RIchUITests";
			productName = "I am RIchUITests";
			productReference = F3F3945B279F7A3E00ACFDAE /* I am RIchUITests.xctest */;
			productType = "com.apple.product-type.bundle.ui-testing";
		};
/* End PBXNativeTarget section */

/* Begin PBXProject section */
		F3F39433279F7A3C00ACFDAE /* Project object */ = {
			isa = PBXProject;
			attributes = {
				BuildIndependentTargetsInParallel = 1;
				LastSwiftUpdateCheck = 1320;
				LastUpgradeCheck = 1320;
				TargetAttributes = {
					F3F3943A279F7A3C00ACFDAE = {
						CreatedOnToolsVersion = 13.2.1;
					};
					F3F39450279F7A3E00ACFDAE = {
						CreatedOnToolsVersion = 13.2.1;
						TestTargetID = F3F3943A279F7A3C00ACFDAE;
					};
					F3F3945A279F7A3E00ACFDAE = {
						CreatedOnToolsVersion = 13.2.1;
						TestTargetID = F3F3943A279F7A3C00ACFDAE;
					};
				};
			};
			buildConfigurationList = F3F39436279F7A3C00ACFDAE /* Build configuration list for PBXProject "I am RIch" */;
			compatibilityVersion = "Xcode 13.0";
			developmentRegion = en;
			hasScannedForEncodings = 0;
			knownRegions = (
				en,
				Base,
			);
			mainGroup = F3F39432279F7A3C00ACFDAE;
			productRefGroup = F3F3943C279F7A3C00ACFDAE /* Products */;
			projectDirPath = "";
			projectRoot = "";
			targets = (
				F3F3943A279F7A3C00ACFDAE /* I am RIch */,
				F3F39450279F7A3E00ACFDAE /* I am RIchTests */,
				F3F3945A279F7A3E00ACFDAE /* I am RIchUITests */,
			);
		};
/* End PBXProject section */

/* Begin PBXResourcesBuildPhase section */
		F3F39439279F7A3C00ACFDAE /* Resources */ = {
			isa = PBXResourcesBuildPhase;
			buildActionMask = 2147483647;
			files = (
				F3F3944B279F7A3D00ACFDAE /* LaunchScreen.storyboard in Resources */,
				F3F39448279F7A3D00ACFDAE /* Assets.xcassets in Resources */,
				F3F39446279F7A3C00ACFDAE /* Main.storyboard in Resources */,
			);
			runOnlyForDeploymentPostprocessing = 0;
		};
		F3F3944F279F7A3E00ACFDAE /* Resources */ = {
			isa = PBXResourcesBuildPhase;
			buildActionMask = 2147483647;
			files = (
			);
			runOnlyForDeploymentPostprocessing = 0;
		};
		F3F39459279F7A3E00ACFDAE /* Resources */ = {
			isa = PBXResourcesBuildPhase;
			buildActionMask = 2147483647;
			files = (
			);
			runOnlyForDeploymentPostprocessing = 0;
		};
/* End PBXResourcesBuildPhase section */

/* Begin PBXSourcesBuildPhase section */
		F3F39437279F7A3C00ACFDAE /* Sources */ = {
			isa = PBXSourcesBuildPhase;
			buildActionMask = 2147483647;
			files = (
				F3F39443279F7A3C00ACFDAE /* ViewController.swift in Sources */,
				F3F3943F279F7A3C00ACFDAE /* AppDelegate.swift in Sources */,
				F3F39441279F7A3C00ACFDAE /* SceneDelegate.swift in Sources */,
			);
			runOnlyForDeploymentPostprocessing = 0;
		};
		F3F3944D279F7A3E00ACFDAE /* Sources */ = {
			isa = PBXSourcesBuildPhase;
			buildActionMask = 2147483647;
			files = (
				F3F39456279F7A3E00ACFDAE /* I_am_RIchTests.swift in Sources */,
			);
			runOnlyForDeploymentPostprocessing = 0;
		};
		F3F39457279F7A3E00ACFDAE /* Sources */ = {
			isa = PBXSourcesBuildPhase;
			buildActionMask = 2147483647;
			files = (
				F3F39462279F7A3E00ACFDAE /* I_am_RIchUITestsLaunchTests.swift in Sources */,
				F3F39460279F7A3E00ACFDAE /* I_am_RIchUITests.swift in Sources */,
			);
			runOnlyForDeploymentPostprocessing = 0;
		};
/* End PBXSourcesBuildPhase section */

/* Begin PBXTargetDependency section */
		F3F39453279F7A3E00ACFDAE /* PBXTargetDependency */ = {
			isa = PBXTargetDependency;
			target = F3F3943A279F7A3C00ACFDAE /* I am RIch */;
			targetProxy = F3F39452279F7A3E00ACFDAE /* PBXContainerItemProxy */;
		};
		F3F3945D279F7A3E00ACFDAE /* PBXTargetDependency */ = {
			isa = PBXTargetDependency;
			target = F3F3943A279F7A3C00ACFDAE /* I am RIch */;
			targetProxy = F3F3945C279F7A3E00ACFDAE /* PBXContainerItemProxy */;
		};
/* End PBXTargetDependency section */

/* Begin PBXVariantGroup section */
		F3F39444279F7A3C00ACFDAE /* Main.storyboard */ = {
			isa = PBXVariantGroup;
			children = (
				F3F39445279F7A3C00ACFDAE /* Base */,
			);
			name = Main.storyboard;
			sourceTree = "<group>";
		};
		F3F39449279F7A3D00ACFDAE /* LaunchScreen.storyboard */ = {
			isa = PBXVariantGroup;
			children = (
				F3F3944A279F7A3D00ACFDAE /* Base */,
			);
			name = LaunchScreen.storyboard;
			sourceTree = "<group>";
		};
/* End PBXVariantGroup section */

/* Begin XCBuildConfiguration section */
		F3F39463279F7A3E00ACFDAE /* Debug */ = {
			isa = XCBuildConfiguration;
			buildSettings = {
				ALWAYS_SEARCH_USER_PATHS = NO;
				CLANG_ANALYZER_NONNULL = YES;
				CLANG_ANALYZER_NUMBER_OBJECT_CONVERSION = YES_AGGRESSIVE;
				CLANG_CXX_LANGUAGE_STANDARD = "gnu++17";
				CLANG_CXX_LIBRARY = "libc++";
				CLANG_ENABLE_MODULES = YES;
				CLANG_ENABLE_OBJC_ARC = YES;
				CLANG_ENABLE_OBJC_WEAK = YES;
				CLANG_WARN_BLOCK_CAPTURE_AUTORELEASING = YES;
				CLANG_WARN_BOOL_CONVERSION = YES;
				CLANG_WARN_COMMA = YES;
				CLANG_WARN_CONSTANT_CONVERSION = YES;
				CLANG_WARN_DEPRECATED_OBJC_IMPLEMENTATIONS = YES;
				CLANG_WARN_DIRECT_OBJC_ISA_USAGE = YES_ERROR;
				CLANG_WARN_DOCUMENTATION_COMMENTS = YES;
				CLANG_WARN_EMPTY_BODY = YES;
				CLANG_WARN_ENUM_CONVERSION = YES;
				CLANG_WARN_INFINITE_RECURSION = YES;
				CLANG_WARN_INT_CONVERSION = YES;
				CLANG_WARN_NON_LITERAL_NULL_CONVERSION = YES;
				CLANG_WARN_OBJC_IMPLICIT_RETAIN_SELF = YES;
				CLANG_WARN_OBJC_LITERAL_CONVERSION = YES;
				CLANG_WARN_OBJC_ROOT_CLASS = YES_ERROR;
				CLANG_WARN_QUOTED_INCLUDE_IN_FRAMEWORK_HEADER = YES;
				CLANG_WARN_RANGE_LOOP_ANALYSIS = YES;
				CLANG_WARN_STRICT_PROTOTYPES = YES;
				CLANG_WARN_SUSPICIOUS_MOVE = YES;
				CLANG_WARN_UNGUARDED_AVAILABILITY = YES_AGGRESSIVE;
				CLANG_WARN_UNREACHABLE_CODE = YES;
				CLANG_WARN__DUPLICATE_METHOD_MATCH = YES;
				COPY_PHASE_STRIP = NO;
				DEBUG_INFORMATION_FORMAT = dwarf;
				ENABLE_STRICT_OBJC_MSGSEND = YES;
				ENABLE_TESTABILITY = YES;
				GCC_C_LANGUAGE_STANDARD = gnu11;
				GCC_DYNAMIC_NO_PIC = NO;
				GCC_NO_COMMON_BLOCKS = YES;
				GCC_OPTIMIZATION_LEVEL = 0;
				GCC_PREPROCESSOR_DEFINITIONS = (
					"DEBUG=1",
					"$(inherited)",
				);
				GCC_WARN_64_TO_32_BIT_CONVERSION = YES;
				GCC_WARN_ABOUT_RETURN_TYPE = YES_ERROR;
				GCC_WARN_UNDECLARED_SELECTOR = YES;
				GCC_WARN_UNINITIALIZED_AUTOS = YES_AGGRESSIVE;
				GCC_WARN_UNUSED_FUNCTION = YES;
				GCC_WARN_UNUSED_VARIABLE = YES;
				IPHONEOS_DEPLOYMENT_TARGET = 15.2;
				MTL_ENABLE_DEBUG_INFO = INCLUDE_SOURCE;
				MTL_FAST_MATH = YES;
				ONLY_ACTIVE_ARCH = YES;
				SDKROOT = iphoneos;
				SWIFT_ACTIVE_COMPILATION_CONDITIONS = DEBUG;
				SWIFT_OPTIMIZATION_LEVEL = "-Onone";
			};
			name = Debug;
		};
		F3F39464279F7A3E00ACFDAE /* Release */ = {
			isa = XCBuildConfiguration;
			buildSettings = {
				ALWAYS_SEARCH_USER_PATHS = NO;
				CLANG_ANALYZER_NONNULL = YES;
				CLANG_ANALYZER_NUMBER_OBJECT_CONVERSION = YES_AGGRESSIVE;
				CLANG_CXX_LANGUAGE_STANDARD = "gnu++17";
				CLANG_CXX_LIBRARY = "libc++";
				CLANG_ENABLE_MODULES = YES;
				CLANG_ENABLE_OBJC_ARC = YES;
				CLANG_ENABLE_OBJC_WEAK = YES;
				CLANG_WARN_BLOCK_CAPTURE_AUTORELEASING = YES;
				CLANG_WARN_BOOL_CONVERSION = YES;
				CLANG_WARN_COMMA = YES;
				CLANG_WARN_CONSTANT_CONVERSION = YES;
				CLANG_WARN_DEPRECATED_OBJC_IMPLEMENTATIONS = YES;
				CLANG_WARN_DIRECT_OBJC_ISA_USAGE = YES_ERROR;
				CLANG_WARN_DOCUMENTATION_COMMENTS = YES;
				CLANG_WARN_EMPTY_BODY = YES;
				CLANG_WARN_ENUM_CONVERSION = YES;
				CLANG_WARN_INFINITE_RECURSION = YES;
				CLANG_WARN_INT_CONVERSION = YES;
				CLANG_WARN_NON_LITERAL_NULL_CONVERSION = YES;
				CLANG_WARN_OBJC_IMPLICIT_RETAIN_SELF = YES;
				CLANG_WARN_OBJC_LITERAL_CONVERSION = YES;
				CLANG_WARN_OBJC_ROOT_CLASS = YES_ERROR;
				CLANG_WARN_QUOTED_INCLUDE_IN_FRAMEWORK_HEADER = YES;
				CLANG_WARN_RANGE_LOOP_ANALYSIS = YES;
				CLANG_WARN_STRICT_PROTOTYPES = YES;
				CLANG_WARN_SUSPICIOUS_MOVE = YES;
				CLANG_WARN_UNGUARDED_AVAILABILITY = YES_AGGRESSIVE;
				CLANG_WARN_UNREACHABLE_CODE = YES;
				CLANG_WARN__DUPLICATE_METHOD_MATCH = YES;
				COPY_PHASE_STRIP = NO;
				DEBUG_INFORMATION_FORMAT = "dwarf-with-dsym";
				ENABLE_NS_ASSERTIONS = NO;
				ENABLE_STRICT_OBJC_MSGSEND = YES;
				GCC_C_LANGUAGE_STANDARD = gnu11;
				GCC_NO_COMMON_BLOCKS = YES;
				GCC_WARN_64_TO_32_BIT_CONVERSION = YES;
				GCC_WARN_ABOUT_RETURN_TYPE = YES_ERROR;
				GCC_WARN_UNDECLARED_SELECTOR = YES;
				GCC_WARN_UNINITIALIZED_AUTOS = YES_AGGRESSIVE;
				GCC_WARN_UNUSED_FUNCTION = YES;
				GCC_WARN_UNUSED_VARIABLE = YES;
				IPHONEOS_DEPLOYMENT_TARGET = 15.2;
				MTL_ENABLE_DEBUG_INFO = NO;
				MTL_FAST_MATH = YES;
				SDKROOT = iphoneos;
				SWIFT_COMPILATION_MODE = wholemodule;
				SWIFT_OPTIMIZATION_LEVEL = "-O";
				VALIDATE_PRODUCT = YES;
			};
			name = Release;
		};
		F3F39466279F7A3E00ACFDAE /* Debug */ = {
			isa = XCBuildConfiguration;
			buildSettings = {
				ASSETCATALOG_COMPILER_APPICON_NAME = AppIcon;
				ASSETCATALOG_COMPILER_GLOBAL_ACCENT_COLOR_NAME = AccentColor;
				CODE_SIGN_STYLE = Automatic;
				CURRENT_PROJECT_VERSION = 1;
				GENERATE_INFOPLIST_FILE = YES;
				INFOPLIST_FILE = "I am RIch/Info.plist";
				INFOPLIST_KEY_UIApplicationSupportsIndirectInputEvents = YES;
				INFOPLIST_KEY_UILaunchStoryboardName = LaunchScreen;
				INFOPLIST_KEY_UIMainStoryboardFile = Main;
				INFOPLIST_KEY_UISupportedInterfaceOrientations = "UIInterfaceOrientationPortrait UIInterfaceOrientationLandscapeLeft UIInterfaceOrientationLandscapeRight";
				INFOPLIST_KEY_UISupportedInterfaceOrientations_iPad = "UIInterfaceOrientationPortrait UIInterfaceOrientationPortraitUpsideDown UIInterfaceOrientationLandscapeLeft UIInterfaceOrientationLandscapeRight";
				INFOPLIST_KEY_UISupportedInterfaceOrientations_iPhone = "UIInterfaceOrientationPortrait UIInterfaceOrientationLandscapeLeft UIInterfaceOrientationLandscapeRight";
				IPHONEOS_DEPLOYMENT_TARGET = 13.0;
				LD_RUNPATH_SEARCH_PATHS = (
					"$(inherited)",
					"@executable_path/Frameworks",
				);
				MARKETING_VERSION = 1.0;
				PRODUCT_BUNDLE_IDENTIFIER = "com.robert-m.I-am-RIch";
				PRODUCT_NAME = "$(TARGET_NAME)";
				SWIFT_EMIT_LOC_STRINGS = YES;
				SWIFT_VERSION = 5.0;
				TARGETED_DEVICE_FAMILY = "1,2";
			};
			name = Debug;
		};
		F3F39467279F7A3E00ACFDAE /* Release */ = {
			isa = XCBuildConfiguration;
			buildSettings = {
				ASSETCATALOG_COMPILER_APPICON_NAME = AppIcon;
				ASSETCATALOG_COMPILER_GLOBAL_ACCENT_COLOR_NAME = AccentColor;
				CODE_SIGN_STYLE = Automatic;
				CURRENT_PROJECT_VERSION = 1;
				GENERATE_INFOPLIST_FILE = YES;
				INFOPLIST_FILE = "I am RIch/Info.plist";
				INFOPLIST_KEY_UIApplicationSupportsIndirectInputEvents = YES;
				INFOPLIST_KEY_UILaunchStoryboardName = LaunchScreen;
				INFOPLIST_KEY_UIMainStoryboardFile = Main;
				INFOPLIST_KEY_UISupportedInterfaceOrientations = "UIInterfaceOrientationPortrait UIInterfaceOrientationLandscapeLeft UIInterfaceOrientationLandscapeRight";
				INFOPLIST_KEY_UISupportedInterfaceOrientations_iPad = "UIInterfaceOrientationPortrait UIInterfaceOrientationPortraitUpsideDown UIInterfaceOrientationLandscapeLeft UIInterfaceOrientationLandscapeRight";
				INFOPLIST_KEY_UISupportedInterfaceOrientations_iPhone = "UIInterfaceOrientationPortrait UIInterfaceOrientationLandscapeLeft UIInterfaceOrientationLandscapeRight";
				IPHONEOS_DEPLOYMENT_TARGET = 13.0;
				LD_RUNPATH_SEARCH_PATHS = (
					"$(inherited)",
					"@executable_path/Frameworks",
				);
				MARKETING_VERSION = 1.0;
				PRODUCT_BUNDLE_IDENTIFIER = "com.robert-m.I-am-RIch";
				PRODUCT_NAME = "$(TARGET_NAME)";
				SWIFT_EMIT_LOC_STRINGS = YES;
				SWIFT_VERSION = 5.0;
				TARGETED_DEVICE_FAMILY = "1,2";
			};
			name = Release;
		};
		F3F39469279F7A3E00ACFDAE /* Debug */ = {
			isa = XCBuildConfiguration;
			buildSettings = {
				ALWAYS_EMBED_SWIFT_STANDARD_LIBRARIES = YES;
				BUNDLE_LOADER = "$(TEST_HOST)";
				CODE_SIGN_STYLE = Automatic;
				CURRENT_PROJECT_VERSION = 1;
				GENERATE_INFOPLIST_FILE = YES;
				IPHONEOS_DEPLOYMENT_TARGET = 15.2;
				MARKETING_VERSION = 1.0;
				PRODUCT_BUNDLE_IDENTIFIER = "com.robert-m.I-am-RIchTests";
				PRODUCT_NAME = "$(TARGET_NAME)";
				SWIFT_EMIT_LOC_STRINGS = NO;
				SWIFT_VERSION = 5.0;
				TARGETED_DEVICE_FAMILY = "1,2";
				TEST_HOST = "$(BUILT_PRODUCTS_DIR)/I am RIch.app/I am RIch";
			};
			name = Debug;
		};
		F3F3946A279F7A3E00ACFDAE /* Release */ = {
			isa = XCBuildConfiguration;
			buildSettings = {
				ALWAYS_EMBED_SWIFT_STANDARD_LIBRARIES = YES;
				BUNDLE_LOADER = "$(TEST_HOST)";
				CODE_SIGN_STYLE = Automatic;
				CURRENT_PROJECT_VERSION = 1;
				GENERATE_INFOPLIST_FILE = YES;
				IPHONEOS_DEPLOYMENT_TARGET = 15.2;
				MARKETING_VERSION = 1.0;
				PRODUCT_BUNDLE_IDENTIFIER = "com.robert-m.I-am-RIchTests";
				PRODUCT_NAME = "$(TARGET_NAME)";
				SWIFT_EMIT_LOC_STRINGS = NO;
				SWIFT_VERSION = 5.0;
				TARGETED_DEVICE_FAMILY = "1,2";
				TEST_HOST = "$(BUILT_PRODUCTS_DIR)/I am RIch.app/I am RIch";
			};
			name = Release;
		};
		F3F3946C279F7A3E00ACFDAE /* Debug */ = {
			isa = XCBuildConfiguration;
			buildSettings = {
				ALWAYS_EMBED_SWIFT_STANDARD_LIBRARIES = YES;
				CODE_SIGN_STYLE = Automatic;
				CURRENT_PROJECT_VERSION = 1;
				GENERATE_INFOPLIST_FILE = YES;
				MARKETING_VERSION = 1.0;
				PRODUCT_BUNDLE_IDENTIFIER = "com.robert-m.I-am-RIchUITests";
				PRODUCT_NAME = "$(TARGET_NAME)";
				SWIFT_EMIT_LOC_STRINGS = NO;
				SWIFT_VERSION = 5.0;
				TARGETED_DEVICE_FAMILY = "1,2";
				TEST_TARGET_NAME = "I am RIch";
			};
			name = Debug;
		};
		F3F3946D279F7A3E00ACFDAE /* Release */ = {
			isa = XCBuildConfiguration;
			buildSettings = {
				ALWAYS_EMBED_SWIFT_STANDARD_LIBRARIES = YES;
				CODE_SIGN_STYLE = Automatic;
				CURRENT_PROJECT_VERSION = 1;
				GENERATE_INFOPLIST_FILE = YES;
				MARKETING_VERSION = 1.0;
				PRODUCT_BUNDLE_IDENTIFIER = "com.robert-m.I-am-RIchUITests";
				PRODUCT_NAME = "$(TARGET_NAME)";
				SWIFT_EMIT_LOC_STRINGS = NO;
				SWIFT_VERSION = 5.0;
				TARGETED_DEVICE_FAMILY = "1,2";
				TEST_TARGET_NAME = "I am RIch";
			};
			name = Release;
		};
/* End XCBuildConfiguration section */

/* Begin XCConfigurationList section */
		F3F39436279F7A3C00ACFDAE /* Build configuration list for PBXProject "I am RIch" */ = {
			isa = XCConfigurationList;
			buildConfigurations = (
				F3F39463279F7A3E00ACFDAE /* Debug */,
				F3F39464279F7A3E00ACFDAE /* Release */,
			);
			defaultConfigurationIsVisible = 0;
			defaultConfigurationName = Release;
		};
		F3F39465279F7A3E00ACFDAE /* Build configuration list for PBXNativeTarget "I am RIch" */ = {
			isa = XCConfigurationList;
			buildConfigurations = (
				F3F39466279F7A3E00ACFDAE /* Debug */,
				F3F39467279F7A3E00ACFDAE /* Release */,
			);
			defaultConfigurationIsVisible = 0;
			defaultConfigurationName = Release;
		};
		F3F39468279F7A3E00ACFDAE /* Build configuration list for PBXNativeTarget "I am RIchTests" */ = {
			isa = XCConfigurationList;
			buildConfigurations = (
				F3F39469279F7A3E00ACFDAE /* Debug */,
				F3F3946A279F7A3E00ACFDAE /* Release */,
			);
			defaultConfigurationIsVisible = 0;
			defaultConfigurationName = Release;
		};
		F3F3946B279F7A3E00ACFDAE /* Build configuration list for PBXNativeTarget "I am RIchUITests" */ = {
			isa = XCConfigurationList;
			buildConfigurations = (
				F3F3946C279F7A3E00ACFDAE /* Debug */,
				F3F3946D279F7A3E00ACFDAE /* Release */,
			);
			defaultConfigurationIsVisible = 0;
			defaultConfigurationName = Release;
		};
/* End XCConfigurationList section */
	};
	rootObject = F3F39433279F7A3C00ACFDAE /* Project object */;
}
